// !$*UTF8*$!
{
	archiveVersion = 1;
	classes = {
	};
	objectVersion = 46;
	objects = {

/* Begin PBXBuildFile section */
		C419BCD01DD40B2500EB28FE /* AppDelegate.swift in Sources */ = {isa = PBXBuildFile; fileRef = C419BCCF1DD40B2500EB28FE /* AppDelegate.swift */; };
		C419BCD21DD40B2500EB28FE /* ViewController.swift in Sources */ = {isa = PBXBuildFile; fileRef = C419BCD11DD40B2500EB28FE /* ViewController.swift */; };
		C419BCD51DD40B2500EB28FE /* Main.storyboard in Resources */ = {isa = PBXBuildFile; fileRef = C419BCD31DD40B2500EB28FE /* Main.storyboard */; };
		C419BCD71DD40B2500EB28FE /* Assets.xcassets in Resources */ = {isa = PBXBuildFile; fileRef = C419BCD61DD40B2500EB28FE /* Assets.xcassets */; };
		C419BCDA1DD40B2500EB28FE /* LaunchScreen.storyboard in Resources */ = {isa = PBXBuildFile; fileRef = C419BCD81DD40B2500EB28FE /* LaunchScreen.storyboard */; };
/* End PBXBuildFile section */

/* Begin PBXFileReference section */
		C419BCCC1DD40B2500EB28FE /* cal_hj.app */ = {isa = PBXFileReference; explicitFileType = wrapper.application; includeInIndex = 0; path = cal_hj.app; sourceTree = BUILT_PRODUCTS_DIR; };
		C419BCCF1DD40B2500EB28FE /* AppDelegate.swift */ = {isa = PBXFileReference; lastKnownFileType = sourcecode.swift; path = AppDelegate.swift; sourceTree = "<group>"; };
		C419BCD11DD40B2500EB28FE /* ViewController.swift */ = {isa = PBXFileReference; lastKnownFileType = sourcecode.swift; path = ViewController.swift; sourceTree = "<group>"; };
		C419BCD41DD40B2500EB28FE /* Base */ = {isa = PBXFileReference; lastKnownFileType = file.storyboard; name = Base; path = Base.lproj/Main.storyboard; sourceTree = "<group>"; };
		C419BCD61DD40B2500EB28FE /* Assets.xcassets */ = {isa = PBXFileReference; lastKnownFileType = folder.assetcatalog; path = Assets.xcassets; sourceTree = "<group>"; };
		C419BCD91DD40B2500EB28FE /* Base */ = {isa = PBXFileReference; lastKnownFileType = file.storyboard; name = Base; path = Base.lproj/LaunchScreen.storyboard; sourceTree = "<group>"; };
		C419BCDB1DD40B2500EB28FE /* Info.plist */ = {isa = PBXFileReference; lastKnownFileType = text.plist.xml; path = Info.plist; sourceTree = "<group>"; };
/* End PBXFileReference section */

/* Begin PBXFrameworksBuildPhase section */
		C419BCC91DD40B2500EB28FE /* Frameworks */ = {
			isa = PBXFrameworksBuildPhase;
			buildActionMask = 2147483647;
			files = (
			);
			runOnlyForDeploymentPostprocessing = 0;
		};
/* End PBXFrameworksBuildPhase section */

/* Begin PBXGroup section */
		C419BCC31DD40B2500EB28FE = {
			isa = PBXGroup;
			children = (
				C419BCCE1DD40B2500EB28FE /* cal_hj */,
				C419BCCD1DD40B2500EB28FE /* Products */,
			);
			sourceTree = "<group>";
		};
		C419BCCD1DD40B2500EB28FE /* Products */ = {
			isa = PBXGroup;
			children = (
				C419BCCC1DD40B2500EB28FE /* cal_hj.app */,
			);
			name = Products;
			sourceTree = "<group>";
		};
		C419BCCE1DD40B2500EB28FE /* cal_hj */ = {
			isa = PBXGroup;
			children = (
				C419BCCF1DD40B2500EB28FE /* AppDelegate.swift */,
				C419BCD11DD40B2500EB28FE /* ViewController.swift */,
				C419BCD31DD40B2500EB28FE /* Main.storyboard */,
				C419BCD61DD40B2500EB28FE /* Assets.xcassets */,
				C419BCD81DD40B2500EB28FE /* LaunchScreen.storyboard */,
				C419BCDB1DD40B2500EB28FE /* Info.plist */,
			);
			path = cal_hj;
			sourceTree = "<group>";
		};
/* End PBXGroup section */

/* Begin PBXNativeTarget section */
		C419BCCB1DD40B2500EB28FE /* cal_hj */ = {
			isa = PBXNativeTarget;
			buildConfigurationList = C419BCDE1DD40B2500EB28FE /* Build configuration list for PBXNativeTarget "cal_hj" */;
			buildPhases = (
				C419BCC81DD40B2500EB28FE /* Sources */,
				C419BCC91DD40B2500EB28FE /* Frameworks */,
				C419BCCA1DD40B2500EB28FE /* Resources */,
			);
			buildRules = (
			);
			dependencies = (
			);
			name = cal_hj;
			productName = cal_hj;
			productReference = C419BCCC1DD40B2500EB28FE /* cal_hj.app */;
			productType = "com.apple.product-type.application";
		};
/* End PBXNativeTarget section */

/* Begin PBXProject section */
		C419BCC41DD40B2500EB28FE /* Project object */ = {
			isa = PBXProject;
			attributes = {
				LastSwiftUpdateCheck = 0810;
				LastUpgradeCheck = 0810;
				ORGANIZATIONNAME = RTC26;
				TargetAttributes = {
					C419BCCB1DD40B2500EB28FE = {
						CreatedOnToolsVersion = 8.1;
						ProvisioningStyle = Automatic;
					};
				};
			};
			buildConfigurationList = C419BCC71DD40B2500EB28FE /* Build configuration list for PBXProject "cal_hj" */;
			compatibilityVersion = "Xcode 3.2";
			developmentRegion = English;
			hasScannedForEncodings = 0;
			knownRegions = (
				en,
				Base,
			);
			mainGroup = C419BCC31DD40B2500EB28FE;
			productRefGroup = C419BCCD1DD40B2500EB28FE /* Products */;
			projectDirPath = "";
			projectRoot = "";
			targets = (
				C419BCCB1DD40B2500EB28FE /* cal_hj */,
			);
		};
/* End PBXProject section */

/* Begin PBXResourcesBuildPhase section */
		C419BCCA1DD40B2500EB28FE /* Resources */ = {
			isa = PBXResourcesBuildPhase;
			buildActionMask = 2147483647;
			files = (
				C419BCDA1DD40B2500EB28FE /* LaunchScreen.storyboard in Resources */,
				C419BCD71DD40B2500EB28FE /* Assets.xcassets in Resources */,
				C419BCD51DD40B2500EB28FE /* Main.storyboard in Resources */,
			);
			runOnlyForDeploymentPostprocessing = 0;
		};
/* End PBXResourcesBuildPhase section */

/* Begin PBXSourcesBuildPhase section */
		C419BCC81DD40B2500EB28FE /* Sources */ = {
			isa = PBXSourcesBuildPhase;
			buildActionMask = 2147483647;
			files = (
				C419BCD21DD40B2500EB28FE /* ViewController.swift in Sources */,
				C419BCD01DD40B2500EB28FE /* AppDelegate.swift in Sources */,
			);
			runOnlyForDeploymentPostprocessing = 0;
		};
/* End PBXSourcesBuildPhase section */

/* Begin PBXVariantGroup section */
		C419BCD31DD40B2500EB28FE /* Main.storyboard */ = {
			isa = PBXVariantGroup;
			children = (
				C419BCD41DD40B2500EB28FE /* Base */,
			);
			name = Main.storyboard;
			sourceTree = "<group>";
		};
		C419BCD81DD40B2500EB28FE /* LaunchScreen.storyboard */ = {
			isa = PBXVariantGroup;
			children = (
				C419BCD91DD40B2500EB28FE /* Base */,
			);
			name = LaunchScreen.storyboard;
			sourceTree = "<group>";
		};
/* End PBXVariantGroup section */

/* Begin XCBuildConfiguration section */
		C419BCDC1DD40B2500EB28FE /* Debug */ = {
			isa = XCBuildConfiguration;
			buildSettings = {
				ALWAYS_SEARCH_USER_PATHS = NO;
				CLANG_ANALYZER_NONNULL = YES;
				CLANG_CXX_LANGUAGE_STANDARD = "gnu++0x";
				CLANG_CXX_LIBRARY = "libc++";
				CLANG_ENABLE_MODULES = YES;
				CLANG_ENABLE_OBJC_ARC = YES;
				CLANG_WARN_BOOL_CONVERSION = YES;
				CLANG_WARN_CONSTANT_CONVERSION = YES;
				CLANG_WARN_DIRECT_OBJC_ISA_USAGE = YES_ERROR;
				CLANG_WARN_DOCUMENTATION_COMMENTS = YES;
				CLANG_WARN_EMPTY_BODY = YES;
				CLANG_WARN_ENUM_CONVERSION = YES;
				CLANG_WARN_INFINITE_RECURSION = YES;
				CLANG_WARN_INT_CONVERSION = YES;
				CLANG_WARN_OBJC_ROOT_CLASS = YES_ERROR;
				CLANG_WARN_SUSPICIOUS_MOVES = YES;
				CLANG_WARN_UNREACHABLE_CODE = YES;
				CLANG_WARN__DUPLICATE_METHOD_MATCH = YES;
				"CODE_SIGN_IDENTITY[sdk=iphoneos*]" = "iPhone Developer";
				COPY_PHASE_STRIP = NO;
				DEBUG_INFORMATION_FORMAT = dwarf;
				ENABLE_STRICT_OBJC_MSGSEND = YES;
				ENABLE_TESTABILITY = YES;
				GCC_C_LANGUAGE_STANDARD = gnu99;
				GCC_DYNAMIC_NO_PIC = NO;
				GCC_NO_COMMON_BLOCKS = YES;
				GCC_OPTIMIZATION_LEVEL = 0;
				GCC_PREPROCESSOR_DEFINITIONS = (
					"DEBUG=1",
					"$(inherited)",
				);
				GCC_WARN_64_TO_32_BIT_CONVERSION = YES;
				GCC_WARN_ABOUT_RETURN_TYPE = YES_ERROR;
				GCC_WARN_UNDECLARED_SELECTOR = YES;
				GCC_WARN_UNINITIALIZED_AUTOS = YES_AGGRESSIVE;
				GCC_WARN_UNUSED_FUNCTION = YES;
				GCC_WARN_UNUSED_VARIABLE = YES;
				IPHONEOS_DEPLOYMENT_TARGET = 10.1;
				MTL_ENABLE_DEBUG_INFO = YES;
				ONLY_ACTIVE_ARCH = YES;
				SDKROOT = iphoneos;
				SWIFT_ACTIVE_COMPILATION_CONDITIONS = DEBUG;
				SWIFT_OPTIMIZATION_LEVEL = "-Onone";
				TARGETED_DEVICE_FAMILY = "1,2";
			};
			name = Debug;
		};
		C419BCDD1DD40B2500EB28FE /* Release */ = {
			isa = XCBuildConfiguration;
			buildSettings = {
				ALWAYS_SEARCH_USER_PATHS = NO;
				CLANG_ANALYZER_NONNULL = YES;
				CLANG_CXX_LANGUAGE_STANDARD = "gnu++0x";
				CLANG_CXX_LIBRARY = "libc++";
				CLANG_ENABLE_MODULES = YES;
				CLANG_ENABLE_OBJC_ARC = YES;
				CLANG_WARN_BOOL_CONVERSION = YES;
				CLANG_WARN_CONSTANT_CONVERSION = YES;
				CLANG_WARN_DIRECT_OBJC_ISA_USAGE = YES_ERROR;
				CLANG_WARN_DOCUMENTATION_COMMENTS = YES;
				CLANG_WARN_EMPTY_BODY = YES;
				CLANG_WARN_ENUM_CONVERSION = YES;
				CLANG_WARN_INFINITE_RECURSION = YES;
				CLANG_WARN_INT_CONVERSION = YES;
				CLANG_WARN_OBJC_ROOT_CLASS = YES_ERROR;
				CLANG_WARN_SUSPICIOUS_MOVES = YES;
				CLANG_WARN_UNREACHABLE_CODE = YES;
				CLANG_WARN__DUPLICATE_METHOD_MATCH = YES;
				"CODE_SIGN_IDENTITY[sdk=iphoneos*]" = "iPhone Developer";
				COPY_PHASE_STRIP = NO;
				DEBUG_INFORMATION_FORMAT = "dwarf-with-dsym";
				ENABLE_NS_ASSERTIONS = NO;
				ENABLE_STRICT_OBJC_MSGSEND = YES;
				GCC_C_LANGUAGE_STANDARD = gnu99;
				GCC_NO_COMMON_BLOCKS = YES;
				GCC_WARN_64_TO_32_BIT_CONVERSION = YES;
				GCC_WARN_ABOUT_RETURN_TYPE = YES_ERROR;
				GCC_WARN_UNDECLARED_SELECTOR = YES;
				GCC_WARN_UNINITIALIZED_AUTOS = YES_AGGRESSIVE;
				GCC_WARN_UNUSED_FUNCTION = YES;
				GCC_WARN_UNUSED_VARIABLE = YES;
				IPHONEOS_DEPLOYMENT_TARGET = 10.1;
				MTL_ENABLE_DEBUG_INFO = NO;
				SDKROOT = iphoneos;
				SWIFT_OPTIMIZATION_LEVEL = "-Owholemodule";
				TARGETED_DEVICE_FAMILY = "1,2";
				VALIDATE_PRODUCT = YES;
			};
			name = Release;
		};
		C419BCDF1DD40B2500EB28FE /* Debug */ = {
			isa = XCBuildConfiguration;
			buildSettings = {
				ASSETCATALOG_COMPILER_APPICON_NAME = AppIcon;
				INFOPLIST_FILE = cal_hj/Info.plist;
				LD_RUNPATH_SEARCH_PATHS = "$(inherited) @executable_path/Frameworks";
				PRODUCT_BUNDLE_IDENTIFIER = "iecs.fcu.edu.tw.cal-hj";
				PRODUCT_NAME = "$(TARGET_NAME)";
				SWIFT_VERSION = 3.0;
			};
			name = Debug;
		};
		C419BCE01DD40B2500EB28FE /* Release */ = {
			isa = XCBuildConfiguration;
			buildSettings = {
				ASSETCATALOG_COMPILER_APPICON_NAME = AppIcon;
				INFOPLIST_FILE = cal_hj/Info.plist;
				LD_RUNPATH_SEARCH_PATHS = "$(inherited) @executable_path/Frameworks";
				PRODUCT_BUNDLE_IDENTIFIER = "iecs.fcu.edu.tw.cal-hj";
				PRODUCT_NAME = "$(TARGET_NAME)";
				SWIFT_VERSION = 3.0;
			};
			name = Release;
		};
/* End XCBuildConfiguration section */

/* Begin XCConfigurationList section */
		C419BCC71DD40B2500EB28FE /* Build configuration list for PBXProject "cal_hj" */ = {
			isa = XCConfigurationList;
			buildConfigurations = (
				C419BCDC1DD40B2500EB28FE /* Debug */,
				C419BCDD1DD40B2500EB28FE /* Release */,
			);
			defaultConfigurationIsVisible = 0;
			defaultConfigurationName = Release;
		};
		C419BCDE1DD40B2500EB28FE /* Build configuration list for PBXNativeTarget "cal_hj" */ = {
			isa = XCConfigurationList;
			buildConfigurations = (
				C419BCDF1DD40B2500EB28FE /* Debug */,
				C419BCE01DD40B2500EB28FE /* Release */,
			);
			defaultConfigurationIsVisible = 0;
		};
/* End XCConfigurationList section */
	};
	rootObject = C419BCC41DD40B2500EB28FE /* Project object */;
}
